// !$*UTF8*$!
{
	archiveVersion = 1;
	classes = {
	};
	objectVersion = 55;
	objects = {

/* Begin PBXBuildFile section */
		79419440282179FC00DB9FA3 /* DecodableUICongifurationEditorApp.swift in Sources */ = {isa = PBXBuildFile; fileRef = 7941943F282179FC00DB9FA3 /* DecodableUICongifurationEditorApp.swift */; };
		79419442282179FC00DB9FA3 /* ContentView.swift in Sources */ = {isa = PBXBuildFile; fileRef = 79419441282179FC00DB9FA3 /* ContentView.swift */; };
		7941944428217A0000DB9FA3 /* Assets.xcassets in Resources */ = {isa = PBXBuildFile; fileRef = 7941944328217A0000DB9FA3 /* Assets.xcassets */; };
		7941944728217A0000DB9FA3 /* Preview Assets.xcassets in Resources */ = {isa = PBXBuildFile; fileRef = 7941944628217A0000DB9FA3 /* Preview Assets.xcassets */; };
		794EE16828327C5400E1D5DC /* JSONRow+NestedValuesContainable.swift in Sources */ = {isa = PBXBuildFile; fileRef = 794EE16728327C5400E1D5DC /* JSONRow+NestedValuesContainable.swift */; };
		794EE16A28327EA300E1D5DC /* JSONRow+Tree.swift in Sources */ = {isa = PBXBuildFile; fileRef = 794EE16928327EA300E1D5DC /* JSONRow+Tree.swift */; };
		794EE16C2832833500E1D5DC /* JSONRow+Image.swift in Sources */ = {isa = PBXBuildFile; fileRef = 794EE16B2832833500E1D5DC /* JSONRow+Image.swift */; };
		794EE16F2832865800E1D5DC /* JSONValue+Hashable.swift in Sources */ = {isa = PBXBuildFile; fileRef = 794EE16E2832865800E1D5DC /* JSONValue+Hashable.swift */; };
		794EE173283287F900E1D5DC /* JSONEditor.swift in Sources */ = {isa = PBXBuildFile; fileRef = 794EE172283287F900E1D5DC /* JSONEditor.swift */; };
		794EE1752832880E00E1D5DC /* JSONModel.swift in Sources */ = {isa = PBXBuildFile; fileRef = 794EE1742832880E00E1D5DC /* JSONModel.swift */; };
		794EE1772832B2C100E1D5DC /* JSONRowEditor.swift in Sources */ = {isa = PBXBuildFile; fileRef = 794EE1762832B2C100E1D5DC /* JSONRowEditor.swift */; };
		794EE1792832B42900E1D5DC /* JSONValue+CaseIterable.swift in Sources */ = {isa = PBXBuildFile; fileRef = 794EE1782832B42900E1D5DC /* JSONValue+CaseIterable.swift */; };
		794EE17C2832ED2600E1D5DC /* Binding+Optional.swift in Sources */ = {isa = PBXBuildFile; fileRef = 794EE17B2832ED2600E1D5DC /* Binding+Optional.swift */; };
		794EE17E2832EF6500E1D5DC /* JSONValue+TypeDescription.swift in Sources */ = {isa = PBXBuildFile; fileRef = 794EE17D2832EF6500E1D5DC /* JSONValue+TypeDescription.swift */; };
		79519C8D282F24A200534D8B /* PlainTextField.swift in Sources */ = {isa = PBXBuildFile; fileRef = 79519C8C282F24A200534D8B /* PlainTextField.swift */; };
		79519C94282FD39600534D8B /* NumberedPlainTextField.swift in Sources */ = {isa = PBXBuildFile; fileRef = 79519C93282FD39600534D8B /* NumberedPlainTextField.swift */; };
		79519C9A282FD78200534D8B /* JSONRow.swift in Sources */ = {isa = PBXBuildFile; fileRef = 79519C99282FD78200534D8B /* JSONRow.swift */; };
		79519C9C282FD79C00534D8B /* JSONValue.swift in Sources */ = {isa = PBXBuildFile; fileRef = 79519C9B282FD79C00534D8B /* JSONValue.swift */; };
		79519CA2282FD86800534D8B /* JSONValue+AssociatedValues.swift in Sources */ = {isa = PBXBuildFile; fileRef = 79519CA1282FD86800534D8B /* JSONValue+AssociatedValues.swift */; };
		79519CB028300AEF00534D8B /* JSONRow+JSONString.swift in Sources */ = {isa = PBXBuildFile; fileRef = 79519CAF28300AEF00534D8B /* JSONRow+JSONString.swift */; };
		79519CB228300BE400534D8B /* JSONValue+JSONString.swift in Sources */ = {isa = PBXBuildFile; fileRef = 79519CB128300BE400534D8B /* JSONValue+JSONString.swift */; };
		79519CB428301A5200534D8B /* JSONHierarchy.swift in Sources */ = {isa = PBXBuildFile; fileRef = 79519CB328301A5200534D8B /* JSONHierarchy.swift */; };
		79519CB82831697B00534D8B /* NestedValuesContainable.swift in Sources */ = {isa = PBXBuildFile; fileRef = 79519CB72831697B00534D8B /* NestedValuesContainable.swift */; };
		79519CBB28316A5500534D8B /* NestedList.swift in Sources */ = {isa = PBXBuildFile; fileRef = 79519CBA28316A5500534D8B /* NestedList.swift */; };
		79519CBF283172B600534D8B /* StackNavigationView.swift in Sources */ = {isa = PBXBuildFile; fileRef = 79519CBE283172B600534D8B /* StackNavigationView.swift */; };
		79519CC32831A8DF00534D8B /* JSONRow+ValueDescription.swift in Sources */ = {isa = PBXBuildFile; fileRef = 79519CC22831A8DF00534D8B /* JSONRow+ValueDescription.swift */; };
		79519CD52831B18000534D8B /* JSONHierarchyRow.swift in Sources */ = {isa = PBXBuildFile; fileRef = 79519CD42831B18000534D8B /* JSONHierarchyRow.swift */; };
		79519CD82831B2BE00534D8B /* AppFont.swift in Sources */ = {isa = PBXBuildFile; fileRef = 79519CD72831B2BE00534D8B /* AppFont.swift */; };
		795707762822AC8D0038C019 /* AppColor.swift in Sources */ = {isa = PBXBuildFile; fileRef = 795707752822AC8D0038C019 /* AppColor.swift */; };
		795FD34528241ED4002151F8 /* DecodableUI in Frameworks */ = {isa = PBXBuildFile; productRef = 795FD34428241ED4002151F8 /* DecodableUI */; };
		79E17861282542D4002D65F3 /* TextEditor.swift in Sources */ = {isa = PBXBuildFile; fileRef = 79E17860282542D4002D65F3 /* TextEditor.swift */; };
/* End PBXBuildFile section */

/* Begin PBXFileReference section */
		7941943C282179FB00DB9FA3 /* DecodableUICongifurationEditor.app */ = {isa = PBXFileReference; explicitFileType = wrapper.application; includeInIndex = 0; path = DecodableUICongifurationEditor.app; sourceTree = BUILT_PRODUCTS_DIR; };
		7941943F282179FC00DB9FA3 /* DecodableUICongifurationEditorApp.swift */ = {isa = PBXFileReference; lastKnownFileType = sourcecode.swift; path = DecodableUICongifurationEditorApp.swift; sourceTree = "<group>"; };
		79419441282179FC00DB9FA3 /* ContentView.swift */ = {isa = PBXFileReference; lastKnownFileType = sourcecode.swift; path = ContentView.swift; sourceTree = "<group>"; };
		7941944328217A0000DB9FA3 /* Assets.xcassets */ = {isa = PBXFileReference; lastKnownFileType = folder.assetcatalog; path = Assets.xcassets; sourceTree = "<group>"; };
		7941944628217A0000DB9FA3 /* Preview Assets.xcassets */ = {isa = PBXFileReference; lastKnownFileType = folder.assetcatalog; path = "Preview Assets.xcassets"; sourceTree = "<group>"; };
		7941944828217A0000DB9FA3 /* DecodableUICongifurationEditor.entitlements */ = {isa = PBXFileReference; lastKnownFileType = text.plist.entitlements; path = DecodableUICongifurationEditor.entitlements; sourceTree = "<group>"; };
		794EE16728327C5400E1D5DC /* JSONRow+NestedValuesContainable.swift */ = {isa = PBXFileReference; lastKnownFileType = sourcecode.swift; path = "JSONRow+NestedValuesContainable.swift"; sourceTree = "<group>"; };
		794EE16928327EA300E1D5DC /* JSONRow+Tree.swift */ = {isa = PBXFileReference; lastKnownFileType = sourcecode.swift; path = "JSONRow+Tree.swift"; sourceTree = "<group>"; };
		794EE16B2832833500E1D5DC /* JSONRow+Image.swift */ = {isa = PBXFileReference; lastKnownFileType = sourcecode.swift; path = "JSONRow+Image.swift"; sourceTree = "<group>"; };
		794EE16E2832865800E1D5DC /* JSONValue+Hashable.swift */ = {isa = PBXFileReference; fileEncoding = 4; lastKnownFileType = sourcecode.swift; path = "JSONValue+Hashable.swift"; sourceTree = "<group>"; };
		794EE172283287F900E1D5DC /* JSONEditor.swift */ = {isa = PBXFileReference; lastKnownFileType = sourcecode.swift; path = JSONEditor.swift; sourceTree = "<group>"; };
		794EE1742832880E00E1D5DC /* JSONModel.swift */ = {isa = PBXFileReference; lastKnownFileType = sourcecode.swift; path = JSONModel.swift; sourceTree = "<group>"; };
		794EE1762832B2C100E1D5DC /* JSONRowEditor.swift */ = {isa = PBXFileReference; lastKnownFileType = sourcecode.swift; path = JSONRowEditor.swift; sourceTree = "<group>"; };
		794EE1782832B42900E1D5DC /* JSONValue+CaseIterable.swift */ = {isa = PBXFileReference; lastKnownFileType = sourcecode.swift; path = "JSONValue+CaseIterable.swift"; sourceTree = "<group>"; };
		794EE17B2832ED2600E1D5DC /* Binding+Optional.swift */ = {isa = PBXFileReference; lastKnownFileType = sourcecode.swift; path = "Binding+Optional.swift"; sourceTree = "<group>"; };
		794EE17D2832EF6500E1D5DC /* JSONValue+TypeDescription.swift */ = {isa = PBXFileReference; lastKnownFileType = sourcecode.swift; path = "JSONValue+TypeDescription.swift"; sourceTree = "<group>"; };
		79519C8C282F24A200534D8B /* PlainTextField.swift */ = {isa = PBXFileReference; lastKnownFileType = sourcecode.swift; path = PlainTextField.swift; sourceTree = "<group>"; };
		79519C93282FD39600534D8B /* NumberedPlainTextField.swift */ = {isa = PBXFileReference; lastKnownFileType = sourcecode.swift; path = NumberedPlainTextField.swift; sourceTree = "<group>"; };
		79519C99282FD78200534D8B /* JSONRow.swift */ = {isa = PBXFileReference; lastKnownFileType = sourcecode.swift; path = JSONRow.swift; sourceTree = "<group>"; };
		79519C9B282FD79C00534D8B /* JSONValue.swift */ = {isa = PBXFileReference; lastKnownFileType = sourcecode.swift; path = JSONValue.swift; sourceTree = "<group>"; };
		79519CA1282FD86800534D8B /* JSONValue+AssociatedValues.swift */ = {isa = PBXFileReference; lastKnownFileType = sourcecode.swift; path = "JSONValue+AssociatedValues.swift"; sourceTree = "<group>"; };
		79519CAF28300AEF00534D8B /* JSONRow+JSONString.swift */ = {isa = PBXFileReference; lastKnownFileType = sourcecode.swift; path = "JSONRow+JSONString.swift"; sourceTree = "<group>"; };
		79519CB128300BE400534D8B /* JSONValue+JSONString.swift */ = {isa = PBXFileReference; lastKnownFileType = sourcecode.swift; path = "JSONValue+JSONString.swift"; sourceTree = "<group>"; };
		79519CB328301A5200534D8B /* JSONHierarchy.swift */ = {isa = PBXFileReference; lastKnownFileType = sourcecode.swift; path = JSONHierarchy.swift; sourceTree = "<group>"; };
		79519CB72831697B00534D8B /* NestedValuesContainable.swift */ = {isa = PBXFileReference; lastKnownFileType = sourcecode.swift; path = NestedValuesContainable.swift; sourceTree = "<group>"; };
		79519CBA28316A5500534D8B /* NestedList.swift */ = {isa = PBXFileReference; lastKnownFileType = sourcecode.swift; path = NestedList.swift; sourceTree = "<group>"; };
		79519CBE283172B600534D8B /* StackNavigationView.swift */ = {isa = PBXFileReference; fileEncoding = 4; lastKnownFileType = sourcecode.swift; path = StackNavigationView.swift; sourceTree = "<group>"; };
		79519CC22831A8DF00534D8B /* JSONRow+ValueDescription.swift */ = {isa = PBXFileReference; lastKnownFileType = sourcecode.swift; path = "JSONRow+ValueDescription.swift"; sourceTree = "<group>"; };
		79519CD42831B18000534D8B /* JSONHierarchyRow.swift */ = {isa = PBXFileReference; lastKnownFileType = sourcecode.swift; path = JSONHierarchyRow.swift; sourceTree = "<group>"; };
		79519CD72831B2BE00534D8B /* AppFont.swift */ = {isa = PBXFileReference; lastKnownFileType = sourcecode.swift; path = AppFont.swift; sourceTree = "<group>"; };
		795707752822AC8D0038C019 /* AppColor.swift */ = {isa = PBXFileReference; lastKnownFileType = sourcecode.swift; path = AppColor.swift; sourceTree = "<group>"; };
		795FD34228241EC7002151F8 /* DecodableUI */ = {isa = PBXFileReference; lastKnownFileType = wrapper; name = DecodableUI; path = ../DecodableUI; sourceTree = "<group>"; };
		79E17860282542D4002D65F3 /* TextEditor.swift */ = {isa = PBXFileReference; lastKnownFileType = sourcecode.swift; path = TextEditor.swift; sourceTree = "<group>"; };
/* End PBXFileReference section */

/* Begin PBXFrameworksBuildPhase section */
		79419439282179FB00DB9FA3 /* Frameworks */ = {
			isa = PBXFrameworksBuildPhase;
			buildActionMask = 2147483647;
			files = (
				795FD34528241ED4002151F8 /* DecodableUI in Frameworks */,
			);
			runOnlyForDeploymentPostprocessing = 0;
		};
/* End PBXFrameworksBuildPhase section */

/* Begin PBXGroup section */
		79419433282179FB00DB9FA3 = {
			isa = PBXGroup;
			children = (
				795FD34128241EC6002151F8 /* Packages */,
				7941943E282179FC00DB9FA3 /* DecodableUICongifurationEditor */,
				7941943D282179FB00DB9FA3 /* Products */,
				795FD34328241ED4002151F8 /* Frameworks */,
			);
			sourceTree = "<group>";
		};
		7941943D282179FB00DB9FA3 /* Products */ = {
			isa = PBXGroup;
			children = (
				7941943C282179FB00DB9FA3 /* DecodableUICongifurationEditor.app */,
			);
			name = Products;
			sourceTree = "<group>";
		};
		7941943E282179FC00DB9FA3 /* DecodableUICongifurationEditor */ = {
			isa = PBXGroup;
			children = (
				794EE17A2832ED0400E1D5DC /* Helpers */,
				79519C97282FD75800534D8B /* Model */,
				79519C96282FD74500534D8B /* View */,
				7941943F282179FC00DB9FA3 /* DecodableUICongifurationEditorApp.swift */,
				7941944328217A0000DB9FA3 /* Assets.xcassets */,
				7941944828217A0000DB9FA3 /* DecodableUICongifurationEditor.entitlements */,
				7941944528217A0000DB9FA3 /* Preview Content */,
			);
			path = DecodableUICongifurationEditor;
			sourceTree = "<group>";
		};
		7941944528217A0000DB9FA3 /* Preview Content */ = {
			isa = PBXGroup;
			children = (
				7941944628217A0000DB9FA3 /* Preview Assets.xcassets */,
			);
			path = "Preview Content";
			sourceTree = "<group>";
		};
		794EE16028327A8400E1D5DC /* Extensions */ = {
			isa = PBXGroup;
			children = (
				794EE16628327C3500E1D5DC /* Decorations */,
				794EE16528327C2900E1D5DC /* Conformations */,
				794EE16128327A9500E1D5DC /* Functional */,
			);
			path = Extensions;
			sourceTree = "<group>";
		};
		794EE16128327A9500E1D5DC /* Functional */ = {
			isa = PBXGroup;
			children = (
				794EE16928327EA300E1D5DC /* JSONRow+Tree.swift */,
			);
			path = Functional;
			sourceTree = "<group>";
		};
		794EE16528327C2900E1D5DC /* Conformations */ = {
			isa = PBXGroup;
			children = (
				794EE16728327C5400E1D5DC /* JSONRow+NestedValuesContainable.swift */,
			);
			path = Conformations;
			sourceTree = "<group>";
		};
		794EE16628327C3500E1D5DC /* Decorations */ = {
			isa = PBXGroup;
			children = (
				79519CAF28300AEF00534D8B /* JSONRow+JSONString.swift */,
				794EE16B2832833500E1D5DC /* JSONRow+Image.swift */,
			);
			path = Decorations;
			sourceTree = "<group>";
		};
		794EE16D2832862100E1D5DC /* Extensions */ = {
			isa = PBXGroup;
			children = (
				79519CB128300BE400534D8B /* JSONValue+JSONString.swift */,
				79519CA1282FD86800534D8B /* JSONValue+AssociatedValues.swift */,
				794EE16E2832865800E1D5DC /* JSONValue+Hashable.swift */,
				794EE1782832B42900E1D5DC /* JSONValue+CaseIterable.swift */,
				79519CC22831A8DF00534D8B /* JSONRow+ValueDescription.swift */,
				794EE17D2832EF6500E1D5DC /* JSONValue+TypeDescription.swift */,
			);
			path = Extensions;
			sourceTree = "<group>";
		};
		794EE17A2832ED0400E1D5DC /* Helpers */ = {
			isa = PBXGroup;
			children = (
				794EE17B2832ED2600E1D5DC /* Binding+Optional.swift */,
			);
			path = Helpers;
			sourceTree = "<group>";
		};
		79519C95282FD73500534D8B /* TextInputView */ = {
			isa = PBXGroup;
			children = (
				79E17860282542D4002D65F3 /* TextEditor.swift */,
				79519C8C282F24A200534D8B /* PlainTextField.swift */,
				79519C93282FD39600534D8B /* NumberedPlainTextField.swift */,
			);
			path = TextInputView;
			sourceTree = "<group>";
		};
		79519C96282FD74500534D8B /* View */ = {
			isa = PBXGroup;
			children = (
				79419441282179FC00DB9FA3 /* ContentView.swift */,
				79519CB62831692700534D8B /* SideView */,
				79519CA5282FD8CC00534D8B /* JSON */,
				79519C95282FD73500534D8B /* TextInputView */,
			);
			path = View;
			sourceTree = "<group>";
		};
		79519C97282FD75800534D8B /* Model */ = {
			isa = PBXGroup;
			children = (
				79519CD32831B14400534D8B /* Constants */,
				79519C98282FD77500534D8B /* JSON */,
			);
			path = Model;
			sourceTree = "<group>";
		};
		79519C98282FD77500534D8B /* JSON */ = {
			isa = PBXGroup;
			children = (
				79519CCD2831B09C00534D8B /* JSONRow */,
				79519CCC2831B09600534D8B /* JSONValue */,
			);
			path = JSON;
			sourceTree = "<group>";
		};
		79519CA5282FD8CC00534D8B /* JSON */ = {
			isa = PBXGroup;
			children = (
				79519CB52830F32000534D8B /* Navigation */,
				794EE172283287F900E1D5DC /* JSONEditor.swift */,
				794EE1742832880E00E1D5DC /* JSONModel.swift */,
				794EE1762832B2C100E1D5DC /* JSONRowEditor.swift */,
			);
			path = JSON;
			sourceTree = "<group>";
		};
		79519CB52830F32000534D8B /* Navigation */ = {
			isa = PBXGroup;
			children = (
				79519CBE283172B600534D8B /* StackNavigationView.swift */,
				79519CB328301A5200534D8B /* JSONHierarchy.swift */,
				79519CD42831B18000534D8B /* JSONHierarchyRow.swift */,
			);
			path = Navigation;
			sourceTree = "<group>";
		};
		79519CB62831692700534D8B /* SideView */ = {
			isa = PBXGroup;
			children = (
				79519CB92831697F00534D8B /* Model */,
				79519CBA28316A5500534D8B /* NestedList.swift */,
			);
			path = SideView;
			sourceTree = "<group>";
		};
		79519CB92831697F00534D8B /* Model */ = {
			isa = PBXGroup;
			children = (
				79519CB72831697B00534D8B /* NestedValuesContainable.swift */,
			);
			path = Model;
			sourceTree = "<group>";
		};
		79519CCC2831B09600534D8B /* JSONValue */ = {
			isa = PBXGroup;
			children = (
				794EE16D2832862100E1D5DC /* Extensions */,
				79519C9B282FD79C00534D8B /* JSONValue.swift */,
			);
			path = JSONValue;
			sourceTree = "<group>";
		};
		79519CCD2831B09C00534D8B /* JSONRow */ = {
			isa = PBXGroup;
			children = (
				794EE16028327A8400E1D5DC /* Extensions */,
				79519C99282FD78200534D8B /* JSONRow.swift */,
			);
			path = JSONRow;
			sourceTree = "<group>";
		};
		79519CD32831B14400534D8B /* Constants */ = {
			isa = PBXGroup;
			children = (
				795707752822AC8D0038C019 /* AppColor.swift */,
				79519CD72831B2BE00534D8B /* AppFont.swift */,
			);
			path = Constants;
			sourceTree = "<group>";
		};
		795FD34128241EC6002151F8 /* Packages */ = {
			isa = PBXGroup;
			children = (
				795FD34228241EC7002151F8 /* DecodableUI */,
			);
			name = Packages;
			sourceTree = "<group>";
		};
		795FD34328241ED4002151F8 /* Frameworks */ = {
			isa = PBXGroup;
			children = (
			);
			name = Frameworks;
			sourceTree = "<group>";
		};
/* End PBXGroup section */

/* Begin PBXNativeTarget section */
		7941943B282179FB00DB9FA3 /* DecodableUICongifurationEditor */ = {
			isa = PBXNativeTarget;
			buildConfigurationList = 7941944B28217A0000DB9FA3 /* Build configuration list for PBXNativeTarget "DecodableUICongifurationEditor" */;
			buildPhases = (
				79419438282179FB00DB9FA3 /* Sources */,
				79419439282179FB00DB9FA3 /* Frameworks */,
				7941943A282179FB00DB9FA3 /* Resources */,
			);
			buildRules = (
			);
			dependencies = (
			);
			name = DecodableUICongifurationEditor;
			packageProductDependencies = (
				795FD34428241ED4002151F8 /* DecodableUI */,
			);
			productName = DecodableUICongifurationEditor;
			productReference = 7941943C282179FB00DB9FA3 /* DecodableUICongifurationEditor.app */;
			productType = "com.apple.product-type.application";
		};
/* End PBXNativeTarget section */

/* Begin PBXProject section */
		79419434282179FB00DB9FA3 /* Project object */ = {
			isa = PBXProject;
			attributes = {
				BuildIndependentTargetsInParallel = 1;
				LastSwiftUpdateCheck = 1320;
				LastUpgradeCheck = 1320;
				TargetAttributes = {
					7941943B282179FB00DB9FA3 = {
						CreatedOnToolsVersion = 13.2.1;
					};
				};
			};
			buildConfigurationList = 79419437282179FB00DB9FA3 /* Build configuration list for PBXProject "DecodableUICongifurationEditor" */;
			compatibilityVersion = "Xcode 13.0";
			developmentRegion = en;
			hasScannedForEncodings = 0;
			knownRegions = (
				en,
				Base,
			);
			mainGroup = 79419433282179FB00DB9FA3;
			packageReferences = (
			);
			productRefGroup = 7941943D282179FB00DB9FA3 /* Products */;
			projectDirPath = "";
			projectRoot = "";
			targets = (
				7941943B282179FB00DB9FA3 /* DecodableUICongifurationEditor */,
			);
		};
/* End PBXProject section */

/* Begin PBXResourcesBuildPhase section */
		7941943A282179FB00DB9FA3 /* Resources */ = {
			isa = PBXResourcesBuildPhase;
			buildActionMask = 2147483647;
			files = (
				7941944728217A0000DB9FA3 /* Preview Assets.xcassets in Resources */,
				7941944428217A0000DB9FA3 /* Assets.xcassets in Resources */,
			);
			runOnlyForDeploymentPostprocessing = 0;
		};
/* End PBXResourcesBuildPhase section */

/* Begin PBXSourcesBuildPhase section */
		79419438282179FB00DB9FA3 /* Sources */ = {
			isa = PBXSourcesBuildPhase;
			buildActionMask = 2147483647;
			files = (
				794EE16828327C5400E1D5DC /* JSONRow+NestedValuesContainable.swift in Sources */,
				79519CB82831697B00534D8B /* NestedValuesContainable.swift in Sources */,
				795707762822AC8D0038C019 /* AppColor.swift in Sources */,
				79519CC32831A8DF00534D8B /* JSONRow+ValueDescription.swift in Sources */,
				794EE1792832B42900E1D5DC /* JSONValue+CaseIterable.swift in Sources */,
				794EE16F2832865800E1D5DC /* JSONValue+Hashable.swift in Sources */,
				79519CA2282FD86800534D8B /* JSONValue+AssociatedValues.swift in Sources */,
				79519C9C282FD79C00534D8B /* JSONValue.swift in Sources */,
				79519CB228300BE400534D8B /* JSONValue+JSONString.swift in Sources */,
				794EE17C2832ED2600E1D5DC /* Binding+Optional.swift in Sources */,
				79519CBB28316A5500534D8B /* NestedList.swift in Sources */,
				79E17861282542D4002D65F3 /* TextEditor.swift in Sources */,
				79519C8D282F24A200534D8B /* PlainTextField.swift in Sources */,
				794EE173283287F900E1D5DC /* JSONEditor.swift in Sources */,
				79519CBF283172B600534D8B /* StackNavigationView.swift in Sources */,
				79519C9A282FD78200534D8B /* JSONRow.swift in Sources */,
				794EE1752832880E00E1D5DC /* JSONModel.swift in Sources */,
				79419442282179FC00DB9FA3 /* ContentView.swift in Sources */,
				79519CD82831B2BE00534D8B /* AppFont.swift in Sources */,
				79519C94282FD39600534D8B /* NumberedPlainTextField.swift in Sources */,
				79519CB028300AEF00534D8B /* JSONRow+JSONString.swift in Sources */,
				794EE17E2832EF6500E1D5DC /* JSONValue+TypeDescription.swift in Sources */,
				794EE16C2832833500E1D5DC /* JSONRow+Image.swift in Sources */,
				79519CD52831B18000534D8B /* JSONHierarchyRow.swift in Sources */,
				79419440282179FC00DB9FA3 /* DecodableUICongifurationEditorApp.swift in Sources */,
				79519CB428301A5200534D8B /* JSONHierarchy.swift in Sources */,
				794EE16A28327EA300E1D5DC /* JSONRow+Tree.swift in Sources */,
				794EE1772832B2C100E1D5DC /* JSONRowEditor.swift in Sources */,
			);
			runOnlyForDeploymentPostprocessing = 0;
		};
/* End PBXSourcesBuildPhase section */

/* Begin XCBuildConfiguration section */
		7941944928217A0000DB9FA3 /* Debug */ = {
			isa = XCBuildConfiguration;
			buildSettings = {
				ALWAYS_SEARCH_USER_PATHS = NO;
				CLANG_ANALYZER_NONNULL = YES;
				CLANG_ANALYZER_NUMBER_OBJECT_CONVERSION = YES_AGGRESSIVE;
				CLANG_CXX_LANGUAGE_STANDARD = "gnu++17";
				CLANG_CXX_LIBRARY = "libc++";
				CLANG_ENABLE_MODULES = YES;
				CLANG_ENABLE_OBJC_ARC = YES;
				CLANG_ENABLE_OBJC_WEAK = YES;
				CLANG_WARN_BLOCK_CAPTURE_AUTORELEASING = YES;
				CLANG_WARN_BOOL_CONVERSION = YES;
				CLANG_WARN_COMMA = YES;
				CLANG_WARN_CONSTANT_CONVERSION = YES;
				CLANG_WARN_DEPRECATED_OBJC_IMPLEMENTATIONS = YES;
				CLANG_WARN_DIRECT_OBJC_ISA_USAGE = YES_ERROR;
				CLANG_WARN_DOCUMENTATION_COMMENTS = YES;
				CLANG_WARN_EMPTY_BODY = YES;
				CLANG_WARN_ENUM_CONVERSION = YES;
				CLANG_WARN_INFINITE_RECURSION = YES;
				CLANG_WARN_INT_CONVERSION = YES;
				CLANG_WARN_NON_LITERAL_NULL_CONVERSION = YES;
				CLANG_WARN_OBJC_IMPLICIT_RETAIN_SELF = YES;
				CLANG_WARN_OBJC_LITERAL_CONVERSION = YES;
				CLANG_WARN_OBJC_ROOT_CLASS = YES_ERROR;
				CLANG_WARN_QUOTED_INCLUDE_IN_FRAMEWORK_HEADER = YES;
				CLANG_WARN_RANGE_LOOP_ANALYSIS = YES;
				CLANG_WARN_STRICT_PROTOTYPES = YES;
				CLANG_WARN_SUSPICIOUS_MOVE = YES;
				CLANG_WARN_UNGUARDED_AVAILABILITY = YES_AGGRESSIVE;
				CLANG_WARN_UNREACHABLE_CODE = YES;
				CLANG_WARN__DUPLICATE_METHOD_MATCH = YES;
				COPY_PHASE_STRIP = NO;
				DEBUG_INFORMATION_FORMAT = dwarf;
				ENABLE_STRICT_OBJC_MSGSEND = YES;
				ENABLE_TESTABILITY = YES;
				GCC_C_LANGUAGE_STANDARD = gnu11;
				GCC_DYNAMIC_NO_PIC = NO;
				GCC_NO_COMMON_BLOCKS = YES;
				GCC_OPTIMIZATION_LEVEL = 0;
				GCC_PREPROCESSOR_DEFINITIONS = (
					"DEBUG=1",
					"$(inherited)",
				);
				GCC_WARN_64_TO_32_BIT_CONVERSION = YES;
				GCC_WARN_ABOUT_RETURN_TYPE = YES_ERROR;
				GCC_WARN_UNDECLARED_SELECTOR = YES;
				GCC_WARN_UNINITIALIZED_AUTOS = YES_AGGRESSIVE;
				GCC_WARN_UNUSED_FUNCTION = YES;
				GCC_WARN_UNUSED_VARIABLE = YES;
				MACOSX_DEPLOYMENT_TARGET = 11.0;
				MTL_ENABLE_DEBUG_INFO = INCLUDE_SOURCE;
				MTL_FAST_MATH = YES;
				ONLY_ACTIVE_ARCH = YES;
				SDKROOT = macosx;
				SWIFT_ACTIVE_COMPILATION_CONDITIONS = DEBUG;
				SWIFT_OPTIMIZATION_LEVEL = "-Onone";
			};
			name = Debug;
		};
		7941944A28217A0000DB9FA3 /* Release */ = {
			isa = XCBuildConfiguration;
			buildSettings = {
				ALWAYS_SEARCH_USER_PATHS = NO;
				CLANG_ANALYZER_NONNULL = YES;
				CLANG_ANALYZER_NUMBER_OBJECT_CONVERSION = YES_AGGRESSIVE;
				CLANG_CXX_LANGUAGE_STANDARD = "gnu++17";
				CLANG_CXX_LIBRARY = "libc++";
				CLANG_ENABLE_MODULES = YES;
				CLANG_ENABLE_OBJC_ARC = YES;
				CLANG_ENABLE_OBJC_WEAK = YES;
				CLANG_WARN_BLOCK_CAPTURE_AUTORELEASING = YES;
				CLANG_WARN_BOOL_CONVERSION = YES;
				CLANG_WARN_COMMA = YES;
				CLANG_WARN_CONSTANT_CONVERSION = YES;
				CLANG_WARN_DEPRECATED_OBJC_IMPLEMENTATIONS = YES;
				CLANG_WARN_DIRECT_OBJC_ISA_USAGE = YES_ERROR;
				CLANG_WARN_DOCUMENTATION_COMMENTS = YES;
				CLANG_WARN_EMPTY_BODY = YES;
				CLANG_WARN_ENUM_CONVERSION = YES;
				CLANG_WARN_INFINITE_RECURSION = YES;
				CLANG_WARN_INT_CONVERSION = YES;
				CLANG_WARN_NON_LITERAL_NULL_CONVERSION = YES;
				CLANG_WARN_OBJC_IMPLICIT_RETAIN_SELF = YES;
				CLANG_WARN_OBJC_LITERAL_CONVERSION = YES;
				CLANG_WARN_OBJC_ROOT_CLASS = YES_ERROR;
				CLANG_WARN_QUOTED_INCLUDE_IN_FRAMEWORK_HEADER = YES;
				CLANG_WARN_RANGE_LOOP_ANALYSIS = YES;
				CLANG_WARN_STRICT_PROTOTYPES = YES;
				CLANG_WARN_SUSPICIOUS_MOVE = YES;
				CLANG_WARN_UNGUARDED_AVAILABILITY = YES_AGGRESSIVE;
				CLANG_WARN_UNREACHABLE_CODE = YES;
				CLANG_WARN__DUPLICATE_METHOD_MATCH = YES;
				COPY_PHASE_STRIP = NO;
				DEBUG_INFORMATION_FORMAT = "dwarf-with-dsym";
				ENABLE_NS_ASSERTIONS = NO;
				ENABLE_STRICT_OBJC_MSGSEND = YES;
				GCC_C_LANGUAGE_STANDARD = gnu11;
				GCC_NO_COMMON_BLOCKS = YES;
				GCC_WARN_64_TO_32_BIT_CONVERSION = YES;
				GCC_WARN_ABOUT_RETURN_TYPE = YES_ERROR;
				GCC_WARN_UNDECLARED_SELECTOR = YES;
				GCC_WARN_UNINITIALIZED_AUTOS = YES_AGGRESSIVE;
				GCC_WARN_UNUSED_FUNCTION = YES;
				GCC_WARN_UNUSED_VARIABLE = YES;
				MACOSX_DEPLOYMENT_TARGET = 11.0;
				MTL_ENABLE_DEBUG_INFO = NO;
				MTL_FAST_MATH = YES;
				SDKROOT = macosx;
				SWIFT_COMPILATION_MODE = wholemodule;
				SWIFT_OPTIMIZATION_LEVEL = "-O";
			};
			name = Release;
		};
		7941944C28217A0000DB9FA3 /* Debug */ = {
			isa = XCBuildConfiguration;
			buildSettings = {
				ASSETCATALOG_COMPILER_APPICON_NAME = AppIcon;
				ASSETCATALOG_COMPILER_GLOBAL_ACCENT_COLOR_NAME = AccentColor;
				CODE_SIGN_ENTITLEMENTS = DecodableUICongifurationEditor/DecodableUICongifurationEditor.entitlements;
				CODE_SIGN_STYLE = Automatic;
				COMBINE_HIDPI_IMAGES = YES;
				CURRENT_PROJECT_VERSION = 1;
				DEVELOPMENT_ASSET_PATHS = "\"DecodableUICongifurationEditor/Preview Content\"";
				DEVELOPMENT_TEAM = G66XPV3HVM;
				ENABLE_HARDENED_RUNTIME = YES;
				ENABLE_PREVIEWS = YES;
				GENERATE_INFOPLIST_FILE = YES;
				INFOPLIST_KEY_LSApplicationCategoryType = "public.app-category.developer-tools";
				INFOPLIST_KEY_NSHumanReadableCopyright = "";
				LD_RUNPATH_SEARCH_PATHS = (
					"$(inherited)",
					"@executable_path/../Frameworks",
				);
				MACOSX_DEPLOYMENT_TARGET = 11.0;
				MARKETING_VERSION = 1.0;
				PRODUCT_BUNDLE_IDENTIFIER = com.pavlovskyive.DecodableUICongifurationEditor;
				PRODUCT_NAME = "$(TARGET_NAME)";
				SWIFT_EMIT_LOC_STRINGS = YES;
				SWIFT_VERSION = 5.0;
			};
			name = Debug;
		};
		7941944D28217A0000DB9FA3 /* Release */ = {
			isa = XCBuildConfiguration;
			buildSettings = {
				ASSETCATALOG_COMPILER_APPICON_NAME = AppIcon;
				ASSETCATALOG_COMPILER_GLOBAL_ACCENT_COLOR_NAME = AccentColor;
				CODE_SIGN_ENTITLEMENTS = DecodableUICongifurationEditor/DecodableUICongifurationEditor.entitlements;
				CODE_SIGN_STYLE = Automatic;
				COMBINE_HIDPI_IMAGES = YES;
				CURRENT_PROJECT_VERSION = 1;
				DEVELOPMENT_ASSET_PATHS = "\"DecodableUICongifurationEditor/Preview Content\"";
				DEVELOPMENT_TEAM = G66XPV3HVM;
				ENABLE_HARDENED_RUNTIME = YES;
				ENABLE_PREVIEWS = YES;
				GENERATE_INFOPLIST_FILE = YES;
				INFOPLIST_KEY_LSApplicationCategoryType = "public.app-category.developer-tools";
				INFOPLIST_KEY_NSHumanReadableCopyright = "";
				LD_RUNPATH_SEARCH_PATHS = (
					"$(inherited)",
					"@executable_path/../Frameworks",
				);
				MACOSX_DEPLOYMENT_TARGET = 11.0;
				MARKETING_VERSION = 1.0;
				PRODUCT_BUNDLE_IDENTIFIER = com.pavlovskyive.DecodableUICongifurationEditor;
				PRODUCT_NAME = "$(TARGET_NAME)";
				SWIFT_EMIT_LOC_STRINGS = YES;
				SWIFT_VERSION = 5.0;
			};
			name = Release;
		};
/* End XCBuildConfiguration section */

/* Begin XCConfigurationList section */
		79419437282179FB00DB9FA3 /* Build configuration list for PBXProject "DecodableUICongifurationEditor" */ = {
			isa = XCConfigurationList;
			buildConfigurations = (
				7941944928217A0000DB9FA3 /* Debug */,
				7941944A28217A0000DB9FA3 /* Release */,
			);
			defaultConfigurationIsVisible = 0;
			defaultConfigurationName = Release;
		};
		7941944B28217A0000DB9FA3 /* Build configuration list for PBXNativeTarget "DecodableUICongifurationEditor" */ = {
			isa = XCConfigurationList;
			buildConfigurations = (
				7941944C28217A0000DB9FA3 /* Debug */,
				7941944D28217A0000DB9FA3 /* Release */,
			);
			defaultConfigurationIsVisible = 0;
			defaultConfigurationName = Release;
		};
/* End XCConfigurationList section */

/* Begin XCSwiftPackageProductDependency section */
		795FD34428241ED4002151F8 /* DecodableUI */ = {
			isa = XCSwiftPackageProductDependency;
			productName = DecodableUI;
		};
/* End XCSwiftPackageProductDependency section */
	};
	rootObject = 79419434282179FB00DB9FA3 /* Project object */;
}
