// !$*UTF8*$!
{
	archiveVersion = 1;
	classes = {
	};
	objectVersion = 55;
	objects = {

/* Begin PBXBuildFile section */
		79419440282179FC00DB9FA3 /* DecodableUICongifurationEditorApp.swift in Sources */ = {isa = PBXBuildFile; fileRef = 7941943F282179FC00DB9FA3 /* DecodableUICongifurationEditorApp.swift */; };
		79419442282179FC00DB9FA3 /* ContentView.swift in Sources */ = {isa = PBXBuildFile; fileRef = 79419441282179FC00DB9FA3 /* ContentView.swift */; };
		7941944428217A0000DB9FA3 /* Assets.xcassets in Resources */ = {isa = PBXBuildFile; fileRef = 7941944328217A0000DB9FA3 /* Assets.xcassets */; };
		7941944728217A0000DB9FA3 /* Preview Assets.xcassets in Resources */ = {isa = PBXBuildFile; fileRef = 7941944628217A0000DB9FA3 /* Preview Assets.xcassets */; };
		795707762822AC8D0038C019 /* AppColor.swift in Sources */ = {isa = PBXBuildFile; fileRef = 795707752822AC8D0038C019 /* AppColor.swift */; };
		795FD34528241ED4002151F8 /* DecodableUI in Frameworks */ = {isa = PBXBuildFile; productRef = 795FD34428241ED4002151F8 /* DecodableUI */; };
		79728AEA2822A22900B4D905 /* FocusableTextFIeld.swift in Sources */ = {isa = PBXBuildFile; fileRef = 79728AE92822A22900B4D905 /* FocusableTextFIeld.swift */; };
/* End PBXBuildFile section */

/* Begin PBXFileReference section */
		7941943C282179FB00DB9FA3 /* DecodableUICongifurationEditor.app */ = {isa = PBXFileReference; explicitFileType = wrapper.application; includeInIndex = 0; path = DecodableUICongifurationEditor.app; sourceTree = BUILT_PRODUCTS_DIR; };
		7941943F282179FC00DB9FA3 /* DecodableUICongifurationEditorApp.swift */ = {isa = PBXFileReference; lastKnownFileType = sourcecode.swift; path = DecodableUICongifurationEditorApp.swift; sourceTree = "<group>"; };
		79419441282179FC00DB9FA3 /* ContentView.swift */ = {isa = PBXFileReference; lastKnownFileType = sourcecode.swift; path = ContentView.swift; sourceTree = "<group>"; };
		7941944328217A0000DB9FA3 /* Assets.xcassets */ = {isa = PBXFileReference; lastKnownFileType = folder.assetcatalog; path = Assets.xcassets; sourceTree = "<group>"; };
		7941944628217A0000DB9FA3 /* Preview Assets.xcassets */ = {isa = PBXFileReference; lastKnownFileType = folder.assetcatalog; path = "Preview Assets.xcassets"; sourceTree = "<group>"; };
		7941944828217A0000DB9FA3 /* DecodableUICongifurationEditor.entitlements */ = {isa = PBXFileReference; lastKnownFileType = text.plist.entitlements; path = DecodableUICongifurationEditor.entitlements; sourceTree = "<group>"; };
		795707752822AC8D0038C019 /* AppColor.swift */ = {isa = PBXFileReference; lastKnownFileType = sourcecode.swift; path = AppColor.swift; sourceTree = "<group>"; };
		795FD34228241EC7002151F8 /* DecodableUI */ = {isa = PBXFileReference; lastKnownFileType = wrapper; name = DecodableUI; path = ../DecodableUI; sourceTree = "<group>"; };
		79728AE92822A22900B4D905 /* FocusableTextFIeld.swift */ = {isa = PBXFileReference; lastKnownFileType = sourcecode.swift; path = FocusableTextFIeld.swift; sourceTree = "<group>"; };
/* End PBXFileReference section */

/* Begin PBXFrameworksBuildPhase section */
		79419439282179FB00DB9FA3 /* Frameworks */ = {
			isa = PBXFrameworksBuildPhase;
			buildActionMask = 2147483647;
			files = (
				795FD34528241ED4002151F8 /* DecodableUI in Frameworks */,
			);
			runOnlyForDeploymentPostprocessing = 0;
		};
/* End PBXFrameworksBuildPhase section */

/* Begin PBXGroup section */
		79419433282179FB00DB9FA3 = {
			isa = PBXGroup;
			children = (
				795FD34128241EC6002151F8 /* Packages */,
				7941943E282179FC00DB9FA3 /* DecodableUICongifurationEditor */,
				7941943D282179FB00DB9FA3 /* Products */,
				795FD34328241ED4002151F8 /* Frameworks */,
			);
			sourceTree = "<group>";
		};
		7941943D282179FB00DB9FA3 /* Products */ = {
			isa = PBXGroup;
			children = (
				7941943C282179FB00DB9FA3 /* DecodableUICongifurationEditor.app */,
			);
			name = Products;
			sourceTree = "<group>";
		};
		7941943E282179FC00DB9FA3 /* DecodableUICongifurationEditor */ = {
			isa = PBXGroup;
			children = (
				7941943F282179FC00DB9FA3 /* DecodableUICongifurationEditorApp.swift */,
				79419441282179FC00DB9FA3 /* ContentView.swift */,
				7941944328217A0000DB9FA3 /* Assets.xcassets */,
				7941944828217A0000DB9FA3 /* DecodableUICongifurationEditor.entitlements */,
				7941944528217A0000DB9FA3 /* Preview Content */,
				79728AE92822A22900B4D905 /* FocusableTextFIeld.swift */,
				795707752822AC8D0038C019 /* AppColor.swift */,
			);
			path = DecodableUICongifurationEditor;
			sourceTree = "<group>";
		};
		7941944528217A0000DB9FA3 /* Preview Content */ = {
			isa = PBXGroup;
			children = (
				7941944628217A0000DB9FA3 /* Preview Assets.xcassets */,
			);
			path = "Preview Content";
			sourceTree = "<group>";
		};
		795FD34128241EC6002151F8 /* Packages */ = {
			isa = PBXGroup;
			children = (
				795FD34228241EC7002151F8 /* DecodableUI */,
			);
			name = Packages;
			sourceTree = "<group>";
		};
		795FD34328241ED4002151F8 /* Frameworks */ = {
			isa = PBXGroup;
			children = (
			);
			name = Frameworks;
			sourceTree = "<group>";
		};
/* End PBXGroup section */

/* Begin PBXNativeTarget section */
		7941943B282179FB00DB9FA3 /* DecodableUICongifurationEditor */ = {
			isa = PBXNativeTarget;
			buildConfigurationList = 7941944B28217A0000DB9FA3 /* Build configuration list for PBXNativeTarget "DecodableUICongifurationEditor" */;
			buildPhases = (
				79419438282179FB00DB9FA3 /* Sources */,
				79419439282179FB00DB9FA3 /* Frameworks */,
				7941943A282179FB00DB9FA3 /* Resources */,
			);
			buildRules = (
			);
			dependencies = (
			);
			name = DecodableUICongifurationEditor;
			packageProductDependencies = (
				795FD34428241ED4002151F8 /* DecodableUI */,
			);
			productName = DecodableUICongifurationEditor;
			productReference = 7941943C282179FB00DB9FA3 /* DecodableUICongifurationEditor.app */;
			productType = "com.apple.product-type.application";
		};
/* End PBXNativeTarget section */

/* Begin PBXProject section */
		79419434282179FB00DB9FA3 /* Project object */ = {
			isa = PBXProject;
			attributes = {
				BuildIndependentTargetsInParallel = 1;
				LastSwiftUpdateCheck = 1320;
				LastUpgradeCheck = 1320;
				TargetAttributes = {
					7941943B282179FB00DB9FA3 = {
						CreatedOnToolsVersion = 13.2.1;
					};
				};
			};
			buildConfigurationList = 79419437282179FB00DB9FA3 /* Build configuration list for PBXProject "DecodableUICongifurationEditor" */;
			compatibilityVersion = "Xcode 13.0";
			developmentRegion = en;
			hasScannedForEncodings = 0;
			knownRegions = (
				en,
				Base,
			);
			mainGroup = 79419433282179FB00DB9FA3;
			productRefGroup = 7941943D282179FB00DB9FA3 /* Products */;
			projectDirPath = "";
			projectRoot = "";
			targets = (
				7941943B282179FB00DB9FA3 /* DecodableUICongifurationEditor */,
			);
		};
/* End PBXProject section */

/* Begin PBXResourcesBuildPhase section */
		7941943A282179FB00DB9FA3 /* Resources */ = {
			isa = PBXResourcesBuildPhase;
			buildActionMask = 2147483647;
			files = (
				7941944728217A0000DB9FA3 /* Preview Assets.xcassets in Resources */,
				7941944428217A0000DB9FA3 /* Assets.xcassets in Resources */,
			);
			runOnlyForDeploymentPostprocessing = 0;
		};
/* End PBXResourcesBuildPhase section */

/* Begin PBXSourcesBuildPhase section */
		79419438282179FB00DB9FA3 /* Sources */ = {
			isa = PBXSourcesBuildPhase;
			buildActionMask = 2147483647;
			files = (
				79728AEA2822A22900B4D905 /* FocusableTextFIeld.swift in Sources */,
				795707762822AC8D0038C019 /* AppColor.swift in Sources */,
				79419442282179FC00DB9FA3 /* ContentView.swift in Sources */,
				79419440282179FC00DB9FA3 /* DecodableUICongifurationEditorApp.swift in Sources */,
			);
			runOnlyForDeploymentPostprocessing = 0;
		};
/* End PBXSourcesBuildPhase section */

/* Begin XCBuildConfiguration section */
		7941944928217A0000DB9FA3 /* Debug */ = {
			isa = XCBuildConfiguration;
			buildSettings = {
				ALWAYS_SEARCH_USER_PATHS = NO;
				CLANG_ANALYZER_NONNULL = YES;
				CLANG_ANALYZER_NUMBER_OBJECT_CONVERSION = YES_AGGRESSIVE;
				CLANG_CXX_LANGUAGE_STANDARD = "gnu++17";
				CLANG_CXX_LIBRARY = "libc++";
				CLANG_ENABLE_MODULES = YES;
				CLANG_ENABLE_OBJC_ARC = YES;
				CLANG_ENABLE_OBJC_WEAK = YES;
				CLANG_WARN_BLOCK_CAPTURE_AUTORELEASING = YES;
				CLANG_WARN_BOOL_CONVERSION = YES;
				CLANG_WARN_COMMA = YES;
				CLANG_WARN_CONSTANT_CONVERSION = YES;
				CLANG_WARN_DEPRECATED_OBJC_IMPLEMENTATIONS = YES;
				CLANG_WARN_DIRECT_OBJC_ISA_USAGE = YES_ERROR;
				CLANG_WARN_DOCUMENTATION_COMMENTS = YES;
				CLANG_WARN_EMPTY_BODY = YES;
				CLANG_WARN_ENUM_CONVERSION = YES;
				CLANG_WARN_INFINITE_RECURSION = YES;
				CLANG_WARN_INT_CONVERSION = YES;
				CLANG_WARN_NON_LITERAL_NULL_CONVERSION = YES;
				CLANG_WARN_OBJC_IMPLICIT_RETAIN_SELF = YES;
				CLANG_WARN_OBJC_LITERAL_CONVERSION = YES;
				CLANG_WARN_OBJC_ROOT_CLASS = YES_ERROR;
				CLANG_WARN_QUOTED_INCLUDE_IN_FRAMEWORK_HEADER = YES;
				CLANG_WARN_RANGE_LOOP_ANALYSIS = YES;
				CLANG_WARN_STRICT_PROTOTYPES = YES;
				CLANG_WARN_SUSPICIOUS_MOVE = YES;
				CLANG_WARN_UNGUARDED_AVAILABILITY = YES_AGGRESSIVE;
				CLANG_WARN_UNREACHABLE_CODE = YES;
				CLANG_WARN__DUPLICATE_METHOD_MATCH = YES;
				COPY_PHASE_STRIP = NO;
				DEBUG_INFORMATION_FORMAT = dwarf;
				ENABLE_STRICT_OBJC_MSGSEND = YES;
				ENABLE_TESTABILITY = YES;
				GCC_C_LANGUAGE_STANDARD = gnu11;
				GCC_DYNAMIC_NO_PIC = NO;
				GCC_NO_COMMON_BLOCKS = YES;
				GCC_OPTIMIZATION_LEVEL = 0;
				GCC_PREPROCESSOR_DEFINITIONS = (
					"DEBUG=1",
					"$(inherited)",
				);
				GCC_WARN_64_TO_32_BIT_CONVERSION = YES;
				GCC_WARN_ABOUT_RETURN_TYPE = YES_ERROR;
				GCC_WARN_UNDECLARED_SELECTOR = YES;
				GCC_WARN_UNINITIALIZED_AUTOS = YES_AGGRESSIVE;
				GCC_WARN_UNUSED_FUNCTION = YES;
				GCC_WARN_UNUSED_VARIABLE = YES;
				MACOSX_DEPLOYMENT_TARGET = 11.0;
				MTL_ENABLE_DEBUG_INFO = INCLUDE_SOURCE;
				MTL_FAST_MATH = YES;
				ONLY_ACTIVE_ARCH = YES;
				SDKROOT = macosx;
				SWIFT_ACTIVE_COMPILATION_CONDITIONS = DEBUG;
				SWIFT_OPTIMIZATION_LEVEL = "-Onone";
			};
			name = Debug;
		};
		7941944A28217A0000DB9FA3 /* Release */ = {
			isa = XCBuildConfiguration;
			buildSettings = {
				ALWAYS_SEARCH_USER_PATHS = NO;
				CLANG_ANALYZER_NONNULL = YES;
				CLANG_ANALYZER_NUMBER_OBJECT_CONVERSION = YES_AGGRESSIVE;
				CLANG_CXX_LANGUAGE_STANDARD = "gnu++17";
				CLANG_CXX_LIBRARY = "libc++";
				CLANG_ENABLE_MODULES = YES;
				CLANG_ENABLE_OBJC_ARC = YES;
				CLANG_ENABLE_OBJC_WEAK = YES;
				CLANG_WARN_BLOCK_CAPTURE_AUTORELEASING = YES;
				CLANG_WARN_BOOL_CONVERSION = YES;
				CLANG_WARN_COMMA = YES;
				CLANG_WARN_CONSTANT_CONVERSION = YES;
				CLANG_WARN_DEPRECATED_OBJC_IMPLEMENTATIONS = YES;
				CLANG_WARN_DIRECT_OBJC_ISA_USAGE = YES_ERROR;
				CLANG_WARN_DOCUMENTATION_COMMENTS = YES;
				CLANG_WARN_EMPTY_BODY = YES;
				CLANG_WARN_ENUM_CONVERSION = YES;
				CLANG_WARN_INFINITE_RECURSION = YES;
				CLANG_WARN_INT_CONVERSION = YES;
				CLANG_WARN_NON_LITERAL_NULL_CONVERSION = YES;
				CLANG_WARN_OBJC_IMPLICIT_RETAIN_SELF = YES;
				CLANG_WARN_OBJC_LITERAL_CONVERSION = YES;
				CLANG_WARN_OBJC_ROOT_CLASS = YES_ERROR;
				CLANG_WARN_QUOTED_INCLUDE_IN_FRAMEWORK_HEADER = YES;
				CLANG_WARN_RANGE_LOOP_ANALYSIS = YES;
				CLANG_WARN_STRICT_PROTOTYPES = YES;
				CLANG_WARN_SUSPICIOUS_MOVE = YES;
				CLANG_WARN_UNGUARDED_AVAILABILITY = YES_AGGRESSIVE;
				CLANG_WARN_UNREACHABLE_CODE = YES;
				CLANG_WARN__DUPLICATE_METHOD_MATCH = YES;
				COPY_PHASE_STRIP = NO;
				DEBUG_INFORMATION_FORMAT = "dwarf-with-dsym";
				ENABLE_NS_ASSERTIONS = NO;
				ENABLE_STRICT_OBJC_MSGSEND = YES;
				GCC_C_LANGUAGE_STANDARD = gnu11;
				GCC_NO_COMMON_BLOCKS = YES;
				GCC_WARN_64_TO_32_BIT_CONVERSION = YES;
				GCC_WARN_ABOUT_RETURN_TYPE = YES_ERROR;
				GCC_WARN_UNDECLARED_SELECTOR = YES;
				GCC_WARN_UNINITIALIZED_AUTOS = YES_AGGRESSIVE;
				GCC_WARN_UNUSED_FUNCTION = YES;
				GCC_WARN_UNUSED_VARIABLE = YES;
				MACOSX_DEPLOYMENT_TARGET = 11.0;
				MTL_ENABLE_DEBUG_INFO = NO;
				MTL_FAST_MATH = YES;
				SDKROOT = macosx;
				SWIFT_COMPILATION_MODE = wholemodule;
				SWIFT_OPTIMIZATION_LEVEL = "-O";
			};
			name = Release;
		};
		7941944C28217A0000DB9FA3 /* Debug */ = {
			isa = XCBuildConfiguration;
			buildSettings = {
				ASSETCATALOG_COMPILER_APPICON_NAME = AppIcon;
				ASSETCATALOG_COMPILER_GLOBAL_ACCENT_COLOR_NAME = AccentColor;
				CODE_SIGN_ENTITLEMENTS = DecodableUICongifurationEditor/DecodableUICongifurationEditor.entitlements;
				CODE_SIGN_STYLE = Automatic;
				COMBINE_HIDPI_IMAGES = YES;
				CURRENT_PROJECT_VERSION = 1;
				DEVELOPMENT_ASSET_PATHS = "\"DecodableUICongifurationEditor/Preview Content\"";
				DEVELOPMENT_TEAM = G66XPV3HVM;
				ENABLE_HARDENED_RUNTIME = YES;
				ENABLE_PREVIEWS = YES;
				GENERATE_INFOPLIST_FILE = YES;
				INFOPLIST_KEY_NSHumanReadableCopyright = "";
				LD_RUNPATH_SEARCH_PATHS = (
					"$(inherited)",
					"@executable_path/../Frameworks",
				);
				MACOSX_DEPLOYMENT_TARGET = 11.0;
				MARKETING_VERSION = 1.0;
				PRODUCT_BUNDLE_IDENTIFIER = com.pavlovskyive.DecodableUICongifurationEditor;
				PRODUCT_NAME = "$(TARGET_NAME)";
				SWIFT_EMIT_LOC_STRINGS = YES;
				SWIFT_VERSION = 5.0;
			};
			name = Debug;
		};
		7941944D28217A0000DB9FA3 /* Release */ = {
			isa = XCBuildConfiguration;
			buildSettings = {
				ASSETCATALOG_COMPILER_APPICON_NAME = AppIcon;
				ASSETCATALOG_COMPILER_GLOBAL_ACCENT_COLOR_NAME = AccentColor;
				CODE_SIGN_ENTITLEMENTS = DecodableUICongifurationEditor/DecodableUICongifurationEditor.entitlements;
				CODE_SIGN_STYLE = Automatic;
				COMBINE_HIDPI_IMAGES = YES;
				CURRENT_PROJECT_VERSION = 1;
				DEVELOPMENT_ASSET_PATHS = "\"DecodableUICongifurationEditor/Preview Content\"";
				DEVELOPMENT_TEAM = G66XPV3HVM;
				ENABLE_HARDENED_RUNTIME = YES;
				ENABLE_PREVIEWS = YES;
				GENERATE_INFOPLIST_FILE = YES;
				INFOPLIST_KEY_NSHumanReadableCopyright = "";
				LD_RUNPATH_SEARCH_PATHS = (
					"$(inherited)",
					"@executable_path/../Frameworks",
				);
				MACOSX_DEPLOYMENT_TARGET = 11.0;
				MARKETING_VERSION = 1.0;
				PRODUCT_BUNDLE_IDENTIFIER = com.pavlovskyive.DecodableUICongifurationEditor;
				PRODUCT_NAME = "$(TARGET_NAME)";
				SWIFT_EMIT_LOC_STRINGS = YES;
				SWIFT_VERSION = 5.0;
			};
			name = Release;
		};
/* End XCBuildConfiguration section */

/* Begin XCConfigurationList section */
		79419437282179FB00DB9FA3 /* Build configuration list for PBXProject "DecodableUICongifurationEditor" */ = {
			isa = XCConfigurationList;
			buildConfigurations = (
				7941944928217A0000DB9FA3 /* Debug */,
				7941944A28217A0000DB9FA3 /* Release */,
			);
			defaultConfigurationIsVisible = 0;
			defaultConfigurationName = Release;
		};
		7941944B28217A0000DB9FA3 /* Build configuration list for PBXNativeTarget "DecodableUICongifurationEditor" */ = {
			isa = XCConfigurationList;
			buildConfigurations = (
				7941944C28217A0000DB9FA3 /* Debug */,
				7941944D28217A0000DB9FA3 /* Release */,
			);
			defaultConfigurationIsVisible = 0;
			defaultConfigurationName = Release;
		};
/* End XCConfigurationList section */

/* Begin XCSwiftPackageProductDependency section */
		795FD34428241ED4002151F8 /* DecodableUI */ = {
			isa = XCSwiftPackageProductDependency;
			productName = DecodableUI;
		};
/* End XCSwiftPackageProductDependency section */
	};
	rootObject = 79419434282179FB00DB9FA3 /* Project object */;
}
